
Microsoft Visual Studio Solution File, Format Version 12.00
# Visual Studio Version 16
VisualStudioVersion = 16.0.29009.5
MinimumVisualStudioVersion = 10.0.40219.1
Project("{FAE04EC0-301F-11D3-BF4B-00C04F79EFBC}") = "Equazione", "Equazione\Equazione.csproj", "{8DF10918-A6EA-4F02-8E05-255D06D90811}"
EndProject
Global
	GlobalSection(SolutionConfigurationPlatforms) = preSolution
		Debug|Any CPU = Debug|Any CPU
		Release|Any CPU = Release|Any CPU
	EndGlobalSection
	GlobalSection(ProjectConfigurationPlatforms) = postSolution
		{8DF10918-A6EA-4F02-8E05-255D06D90811}.Debug|Any CPU.ActiveCfg = Debug|Any CPU
		{8DF10918-A6EA-4F02-8E05-255D06D90811}.Debug|Any CPU.Build.0 = Debug|Any CPU
		{8DF10918-A6EA-4F02-8E05-255D06D90811}.Release|Any CPU.ActiveCfg = Release|Any CPU
		{8DF10918-A6EA-4F02-8E05-255D06D90811}.Release|Any CPU.Build.0 = Release|Any CPU
	EndGlobalSection
	GlobalSection(SolutionProperties) = preSolution
		HideSolutionNode = FALSE
	EndGlobalSection
	GlobalSection(ExtensibilityGlobals) = postSolution
		SolutionGuid = {DEA2E4E8-49D1-4CDD-8AD6-15CD00F2B952}
	EndGlobalSection
EndGlobal
